# This file is automatically @generated by Cargo.
# It is not intended for manual editing.
version = 4

[[package]]
name = "bit_operations"
version = "0.3.1"
dependencies = [
 "intops",
]

[[package]]
name = "intops"
version = "0.1.2"
source = "registry+https://github.com/rust-lang/crates.io-index"
checksum = "353e7e05ffb00e27bc0eead9f38c0dd9baab087fbe98a8bc4487b5a33a2e0a72"
